dependencies:
  espressif/mpu6050:
    component_hash: 18ac32fa4ed8517adbb84ca0d2e585403c3a4df379d67b83f7fe73c6c2435b4c
    source:
      service_url: https://api.components.espressif.com/
      type: service
    version: 1.1.1
  idf:
    component_hash: null
    source:
      type: idf
    version: 4.4.2
manifest_hash: 700883728ea50a0d2bdcdab78af2f06d862ec6fee4b72dd836010cb4ce912c4f
target: esp32
version: 1.0.0
